
Microsoft Visual Studio Solution File, Format Version 12.00
# Visual Studio Version 17
VisualStudioVersion = 17.14.36414.22 d17.14
MinimumVisualStudioVersion = 10.0.40219.1
Project("{FAE04EC0-301F-11D3-BF4B-00C04F79EFBC}") = "LR1", "LR1\LR1.csproj", "{6514073D-CF13-4E6A-83C4-9F6C11C09222}"
EndProject
Project("{FAE04EC0-301F-11D3-BF4B-00C04F79EFBC}") = "Model", "Model\Model.csproj", "{AE77798D-7F28-4691-80FC-984694564AF9}"
EndProject
Global
	GlobalSection(SolutionConfigurationPlatforms) = preSolution
		Debug|Any CPU = Debug|Any CPU
		Release|Any CPU = Release|Any CPU
	EndGlobalSection
	GlobalSection(ProjectConfigurationPlatforms) = postSolution
		{6514073D-CF13-4E6A-83C4-9F6C11C09222}.Debug|Any CPU.ActiveCfg = Debug|Any CPU
		{6514073D-CF13-4E6A-83C4-9F6C11C09222}.Debug|Any CPU.Build.0 = Debug|Any CPU
		{6514073D-CF13-4E6A-83C4-9F6C11C09222}.Release|Any CPU.ActiveCfg = Release|Any CPU
		{6514073D-CF13-4E6A-83C4-9F6C11C09222}.Release|Any CPU.Build.0 = Release|Any CPU
		{AE77798D-7F28-4691-80FC-984694564AF9}.Debug|Any CPU.ActiveCfg = Debug|Any CPU
		{AE77798D-7F28-4691-80FC-984694564AF9}.Debug|Any CPU.Build.0 = Debug|Any CPU
		{AE77798D-7F28-4691-80FC-984694564AF9}.Release|Any CPU.ActiveCfg = Release|Any CPU
		{AE77798D-7F28-4691-80FC-984694564AF9}.Release|Any CPU.Build.0 = Release|Any CPU
	EndGlobalSection
	GlobalSection(SolutionProperties) = preSolution
		HideSolutionNode = FALSE
	EndGlobalSection
	GlobalSection(ExtensibilityGlobals) = postSolution
		SolutionGuid = {F3C8BF87-3B8F-4178-96A7-DFD2066C646E}
	EndGlobalSection
EndGlobal
