
Microsoft Visual Studio Solution File, Format Version 12.00
# Visual Studio Version 17
VisualStudioVersion = 17.14.36414.22
MinimumVisualStudioVersion = 10.0.40219.1
Project("{FAE04EC0-301F-11D3-BF4B-00C04F79EFBC}") = "Model", "Model\Model.csproj", "{AE77798D-7F28-4691-80FC-984694564AF9}"
EndProject
Project("{FAE04EC0-301F-11D3-BF4B-00C04F79EFBC}") = "View", "View\View.csproj", "{DD518E06-D1F7-46DA-B9A7-DBFA2470F576}"
EndProject
Global
	GlobalSection(SolutionConfigurationPlatforms) = preSolution
		Debug|Any CPU = Debug|Any CPU
		Release|Any CPU = Release|Any CPU
	EndGlobalSection
	GlobalSection(ProjectConfigurationPlatforms) = postSolution
		{AE77798D-7F28-4691-80FC-984694564AF9}.Debug|Any CPU.ActiveCfg = Debug|Any CPU
		{AE77798D-7F28-4691-80FC-984694564AF9}.Debug|Any CPU.Build.0 = Debug|Any CPU
		{AE77798D-7F28-4691-80FC-984694564AF9}.Release|Any CPU.ActiveCfg = Release|Any CPU
		{AE77798D-7F28-4691-80FC-984694564AF9}.Release|Any CPU.Build.0 = Release|Any CPU
		{DD518E06-D1F7-46DA-B9A7-DBFA2470F576}.Debug|Any CPU.ActiveCfg = Debug|Any CPU
		{DD518E06-D1F7-46DA-B9A7-DBFA2470F576}.Debug|Any CPU.Build.0 = Debug|Any CPU
		{DD518E06-D1F7-46DA-B9A7-DBFA2470F576}.Release|Any CPU.ActiveCfg = Release|Any CPU
		{DD518E06-D1F7-46DA-B9A7-DBFA2470F576}.Release|Any CPU.Build.0 = Release|Any CPU
	EndGlobalSection
	GlobalSection(SolutionProperties) = preSolution
		HideSolutionNode = FALSE
	EndGlobalSection
	GlobalSection(ExtensibilityGlobals) = postSolution
		SolutionGuid = {F3C8BF87-3B8F-4178-96A7-DFD2066C646E}
	EndGlobalSection
EndGlobal
